
Microsoft Visual Studio Solution File, Format Version 12.00
# Visual Studio Version 17
VisualStudioVersion = 17.12.35707.178 d17.12
MinimumVisualStudioVersion = 10.0.40219.1
Project("{FAE04EC0-301F-11D3-BF4B-00C04F79EFBC}") = "GetriWebApi", "GetriWebApi\GetriWebApi.csproj", "{98808EA9-7EE5-41DC-8BA8-A0C5F918B1FB}"
EndProject
Project("{FAE04EC0-301F-11D3-BF4B-00C04F79EFBC}") = "GetriWebApi.DataAccess", "GetriWebApi.DataAccess\GetriWebApi.DataAccess.csproj", "{2A91460C-2034-4B62-8191-608FD49D7ADF}"
EndProject
Project("{FAE04EC0-301F-11D3-BF4B-00C04F79EFBC}") = "GetriWebApi.Models", "GetriWebApi.Models\GetriWebApi.Models.csproj", "{1CB4E05F-69E0-433B-A91D-FC35856848FA}"
EndProject
Project("{FAE04EC0-301F-11D3-BF4B-00C04F79EFBC}") = "Application", "Application\Application.csproj", "{78865358-BEE6-4374-BB89-FD703B828C4C}"
EndProject
Global
	GlobalSection(SolutionConfigurationPlatforms) = preSolution
		Debug|Any CPU = Debug|Any CPU
		Release|Any CPU = Release|Any CPU
	EndGlobalSection
	GlobalSection(ProjectConfigurationPlatforms) = postSolution
		{98808EA9-7EE5-41DC-8BA8-A0C5F918B1FB}.Debug|Any CPU.ActiveCfg = Debug|Any CPU
		{98808EA9-7EE5-41DC-8BA8-A0C5F918B1FB}.Debug|Any CPU.Build.0 = Debug|Any CPU
		{98808EA9-7EE5-41DC-8BA8-A0C5F918B1FB}.Release|Any CPU.ActiveCfg = Release|Any CPU
		{98808EA9-7EE5-41DC-8BA8-A0C5F918B1FB}.Release|Any CPU.Build.0 = Release|Any CPU
		{2A91460C-2034-4B62-8191-608FD49D7ADF}.Debug|Any CPU.ActiveCfg = Debug|Any CPU
		{2A91460C-2034-4B62-8191-608FD49D7ADF}.Debug|Any CPU.Build.0 = Debug|Any CPU
		{2A91460C-2034-4B62-8191-608FD49D7ADF}.Release|Any CPU.ActiveCfg = Release|Any CPU
		{2A91460C-2034-4B62-8191-608FD49D7ADF}.Release|Any CPU.Build.0 = Release|Any CPU
		{1CB4E05F-69E0-433B-A91D-FC35856848FA}.Debug|Any CPU.ActiveCfg = Debug|Any CPU
		{1CB4E05F-69E0-433B-A91D-FC35856848FA}.Debug|Any CPU.Build.0 = Debug|Any CPU
		{1CB4E05F-69E0-433B-A91D-FC35856848FA}.Release|Any CPU.ActiveCfg = Release|Any CPU
		{1CB4E05F-69E0-433B-A91D-FC35856848FA}.Release|Any CPU.Build.0 = Release|Any CPU
		{78865358-BEE6-4374-BB89-FD703B828C4C}.Debug|Any CPU.ActiveCfg = Debug|Any CPU
		{78865358-BEE6-4374-BB89-FD703B828C4C}.Debug|Any CPU.Build.0 = Debug|Any CPU
		{78865358-BEE6-4374-BB89-FD703B828C4C}.Release|Any CPU.ActiveCfg = Release|Any CPU
		{78865358-BEE6-4374-BB89-FD703B828C4C}.Release|Any CPU.Build.0 = Release|Any CPU
	EndGlobalSection
	GlobalSection(SolutionProperties) = preSolution
		HideSolutionNode = FALSE
	EndGlobalSection
EndGlobal
